{
  "nodes": {
    "nixos-hardware": {
      "locked": {
        "lastModified": 1719145664,
        "narHash": "sha256-+0bBlerLxsHUJcKPDWZM1wL3V9bzCFjz+VyRTG8fnUA=",
        "owner": "NixOS",
        "repo": "nixos-hardware",
        "rev": "c3e48cbd88414f583ff08804eb57b0da4c194f9e",
        "type": "github"
      },
      "original": {
        "owner": "NixOS",
        "repo": "nixos-hardware",
        "type": "github"
      }
    },
    "nixpkgs": {
      "locked": {
        "lastModified": 1725103162,
        "narHash": "sha256-Ym04C5+qovuQDYL/rKWSR+WESseQBbNAe5DsXNx5trY=",
        "owner": "nixos",
        "repo": "nixpkgs",
        "rev": "12228ff1752d7b7624a54e9c1af4b222b3c1073b",
        "type": "github"
      },
      "original": {
        "owner": "nixos",
        "ref": "nixos-unstable",
        "repo": "nixpkgs",
        "type": "github"
      }
    },
    "root": {
      "inputs": {
        "nixos-hardware": "nixos-hardware",
        "nixpkgs": "nixpkgs"
      }
    }
  },
  "root": "root",
  "version": 7
}
